
Microsoft Visual Studio Solution File, Format Version 12.00
# Visual Studio 15
VisualStudioVersion = 15.0.28010.2046
MinimumVisualStudioVersion = 10.0.40219.1
Project("{FAE04EC0-301F-11D3-BF4B-00C04F79EFBC}") = "MsBuild.Xrm.SourceControl", "Capgemini.VisualStudio.XrmSourceControl\MsBuild.Xrm.SourceControl.csproj", "{36C37D30-58D5-4FED-9581-223EF1EB8884}"
EndProject
Global
	GlobalSection(SolutionConfigurationPlatforms) = preSolution
		Debug|Any CPU = Debug|Any CPU
		Release|Any CPU = Release|Any CPU
	EndGlobalSection
	GlobalSection(ProjectConfigurationPlatforms) = postSolution
		{36C37D30-58D5-4FED-9581-223EF1EB8884}.Debug|Any CPU.ActiveCfg = Debug|Any CPU
		{36C37D30-58D5-4FED-9581-223EF1EB8884}.Debug|Any CPU.Build.0 = Debug|Any CPU
		{36C37D30-58D5-4FED-9581-223EF1EB8884}.Release|Any CPU.ActiveCfg = Release|Any CPU
		{36C37D30-58D5-4FED-9581-223EF1EB8884}.Release|Any CPU.Build.0 = Release|Any CPU
	EndGlobalSection
	GlobalSection(SolutionProperties) = preSolution
		HideSolutionNode = FALSE
	EndGlobalSection
	GlobalSection(ExtensibilityGlobals) = postSolution
		SolutionGuid = {24328B06-F0C7-4A50-9CF6-1773B3E43B91}
	EndGlobalSection
EndGlobal
